{
  "name": "cr2convert",
  "version": "1.0.0",
  "lockfileVersion": 2,
  "requires": true,
  "packages": {
    "": {
      "name": "cr2convert",
      "version": "1.0.0",
      "license": "ISC",
      "dependencies": {
        "cr2-raw": "^1.1.0"
      }
    },
    "node_modules/cr2-raw": {
      "version": "1.1.0",
      "resolved": "https://registry.npmjs.org/cr2-raw/-/cr2-raw-1.1.0.tgz",
      "integrity": "sha512-LcAxEiH9tg+ZCh1+qR3L65skSagr+0VnxQq3PjTXEzB3cFyB5fSek4agqhNld5gTh1yWMBKw2/I4cTTl5vAq8Q=="
    }
  },
  "dependencies": {
    "cr2-raw": {
      "version": "1.1.0",
      "resolved": "https://registry.npmjs.org/cr2-raw/-/cr2-raw-1.1.0.tgz",
      "integrity": "sha512-LcAxEiH9tg+ZCh1+qR3L65skSagr+0VnxQq3PjTXEzB3cFyB5fSek4agqhNld5gTh1yWMBKw2/I4cTTl5vAq8Q=="
    }
  }
}
